
Microsoft Visual Studio Solution File, Format Version 12.00
# Visual Studio Version 16
VisualStudioVersion = 16.0.31911.196
MinimumVisualStudioVersion = 10.0.40219.1
Project("{FAE04EC0-301F-11D3-BF4B-00C04F79EFBC}") = "Client", "Client\Client.csproj", "{86EC0808-8ABA-4F7B-985C-148AB9DE4918}"
EndProject
Project("{FAE04EC0-301F-11D3-BF4B-00C04F79EFBC}") = "Server", "Server\Server.csproj", "{77DF94D5-16A8-42D7-9A31-A3BBA1DC4F84}"
EndProject
Project("{FAE04EC0-301F-11D3-BF4B-00C04F79EFBC}") = "Common", "Common\Common.csproj", "{D0F69B0A-9DED-4412-8A71-A1411B7818FE}"
EndProject
Project("{FAE04EC0-301F-11D3-BF4B-00C04F79EFBC}") = "ServerService", "ServerService\ServerService.csproj", "{FB509AA1-C385-4E4E-88D8-DF3ED6427F67}"
EndProject
Global
	GlobalSection(SolutionConfigurationPlatforms) = preSolution
		Debug|Any CPU = Debug|Any CPU
		Release|Any CPU = Release|Any CPU
	EndGlobalSection
	GlobalSection(ProjectConfigurationPlatforms) = postSolution
		{86EC0808-8ABA-4F7B-985C-148AB9DE4918}.Debug|Any CPU.ActiveCfg = Debug|Any CPU
		{86EC0808-8ABA-4F7B-985C-148AB9DE4918}.Debug|Any CPU.Build.0 = Debug|Any CPU
		{86EC0808-8ABA-4F7B-985C-148AB9DE4918}.Release|Any CPU.ActiveCfg = Release|Any CPU
		{86EC0808-8ABA-4F7B-985C-148AB9DE4918}.Release|Any CPU.Build.0 = Release|Any CPU
		{77DF94D5-16A8-42D7-9A31-A3BBA1DC4F84}.Debug|Any CPU.ActiveCfg = Debug|Any CPU
		{77DF94D5-16A8-42D7-9A31-A3BBA1DC4F84}.Debug|Any CPU.Build.0 = Debug|Any CPU
		{77DF94D5-16A8-42D7-9A31-A3BBA1DC4F84}.Release|Any CPU.ActiveCfg = Release|Any CPU
		{77DF94D5-16A8-42D7-9A31-A3BBA1DC4F84}.Release|Any CPU.Build.0 = Release|Any CPU
		{D0F69B0A-9DED-4412-8A71-A1411B7818FE}.Debug|Any CPU.ActiveCfg = Debug|Any CPU
		{D0F69B0A-9DED-4412-8A71-A1411B7818FE}.Debug|Any CPU.Build.0 = Debug|Any CPU
		{D0F69B0A-9DED-4412-8A71-A1411B7818FE}.Release|Any CPU.ActiveCfg = Release|Any CPU
		{D0F69B0A-9DED-4412-8A71-A1411B7818FE}.Release|Any CPU.Build.0 = Release|Any CPU
		{FB509AA1-C385-4E4E-88D8-DF3ED6427F67}.Debug|Any CPU.ActiveCfg = Debug|Any CPU
		{FB509AA1-C385-4E4E-88D8-DF3ED6427F67}.Debug|Any CPU.Build.0 = Debug|Any CPU
		{FB509AA1-C385-4E4E-88D8-DF3ED6427F67}.Release|Any CPU.ActiveCfg = Release|Any CPU
		{FB509AA1-C385-4E4E-88D8-DF3ED6427F67}.Release|Any CPU.Build.0 = Release|Any CPU
	EndGlobalSection
	GlobalSection(SolutionProperties) = preSolution
		HideSolutionNode = FALSE
	EndGlobalSection
	GlobalSection(ExtensibilityGlobals) = postSolution
		SolutionGuid = {418F741E-494E-4C6C-A862-B7FC7A54206F}
	EndGlobalSection
EndGlobal
